Microsoft Visual Studio Solution File, Format Version 12.00
# Visual Studio Version 16
VisualStudioVersion = 16.0.29905.134
MinimumVisualStudioVersion = 10.0.40219.1
Project("{8BC9CEB8-8B4A-11D0-8D11-00A0C91BC942}") = "TS1301", "TS1301\TS1301.vcxproj", "{5992D732-2620-40EA-80A4-1757F2DBFB19}"
EndProject
Project("{8BC9CEB8-8B4A-11D0-8D11-00A0C91BC942}") = "TS1302", "TS1302\TS1302.vcxproj", "{5DB7A177-BAB7-4067-95B5-B56C5A458117}"
EndProject
Global
	GlobalSection(SolutionConfigurationPlatforms) = preSolution
		Debug|x64 = Debug|x64
		Debug|x86 = Debug|x86
		Release|x64 = Release|x64
		Release|x86 = Release|x86
	EndGlobalSection
	GlobalSection(ProjectConfigurationPlatforms) = postSolution
		{5992D732-2620-40EA-80A4-1757F2DBFB19}.Debug|x64.ActiveCfg = Debug|x64
		{5992D732-2620-40EA-80A4-1757F2DBFB19}.Debug|x64.Build.0 = Debug|x64
		{5992D732-2620-40EA-80A4-1757F2DBFB19}.Debug|x86.ActiveCfg = Debug|Win32
		{5992D732-2620-40EA-80A4-1757F2DBFB19}.Debug|x86.Build.0 = Debug|Win32
		{5992D732-2620-40EA-80A4-1757F2DBFB19}.Release|x64.ActiveCfg = Release|x64
		{5992D732-2620-40EA-80A4-1757F2DBFB19}.Release|x64.Build.0 = Release|x64
		{5992D732-2620-40EA-80A4-1757F2DBFB19}.Release|x86.ActiveCfg = Release|Win32
		{5992D732-2620-40EA-80A4-1757F2DBFB19}.Release|x86.Build.0 = Release|Win32
		{5DB7A177-BAB7-4067-95B5-B56C5A458117}.Debug|x64.ActiveCfg = Debug|x64
		{5DB7A177-BAB7-4067-95B5-B56C5A458117}.Debug|x64.Build.0 = Debug|x64
		{5DB7A177-BAB7-4067-95B5-B56C5A458117}.Debug|x86.ActiveCfg = Debug|Win32
		{5DB7A177-BAB7-4067-95B5-B56C5A458117}.Debug|x86.Build.0 = Debug|Win32
		{5DB7A177-BAB7-4067-95B5-B56C5A458117}.Release|x64.ActiveCfg = Release|x64
		{5DB7A177-BAB7-4067-95B5-B56C5A458117}.Release|x64.Build.0 = Release|x64
		{5DB7A177-BAB7-4067-95B5-B56C5A458117}.Release|x86.ActiveCfg = Release|Win32
		{5DB7A177-BAB7-4067-95B5-B56C5A458117}.Release|x86.Build.0 = Release|Win32
	EndGlobalSection
	GlobalSection(SolutionProperties) = preSolution
		HideSolutionNode = FALSE
	EndGlobalSection
	GlobalSection(ExtensibilityGlobals) = postSolution
		SolutionGuid = {20B4A134-182C-4E51-84F5-2D3FCC86D414}
	EndGlobalSection
EndGlobal
