Microsoft Visual Studio Solution File, Format Version 12.00
# Visual Studio Version 16
VisualStudioVersion = 16.0.29905.134
MinimumVisualStudioVersion = 10.0.40219.1
Project("{8BC9CEB8-8B4A-11D0-8D11-00A0C91BC942}") = "TS1302", "TS1302\TS1302.vcxproj", "{5DB7A177-BAB7-4067-95B5-B56C5A458117}"
EndProject
Project("{8BC9CEB8-8B4A-11D0-8D11-00A0C91BC942}") = "TS1301", "TS1301\TS1301.vcxproj", "{5992D732-2620-40EA-80A4-1757F2DBFB19}"
EndProject
Project("{8BC9CEB8-8B4A-11D0-8D11-00A0C91BC942}") = "TS1402", "TS1402\TS1402.vcxproj", "{73C6ADD1-FDD6-4E15-8C61-A28893081DEB}"
EndProject
Project("{8BC9CEB8-8B4A-11D0-8D11-00A0C91BC942}") = "TS1401", "TS1401\TS1401.vcxproj", "{E5B774DA-D2E9-45F0-B172-4F6FD93DE28C}"
EndProject
Project("{8BC9CEB8-8B4A-11D0-8D11-00A0C91BC942}") = "TS1102", "TS1102\TS1102.vcxproj", "{45C251A0-4F2E-4CD7-B1F0-58E54CD40916}"
EndProject
Project("{8BC9CEB8-8B4A-11D0-8D11-00A0C91BC942}") = "TS1101", "TS1101\TS1101.vcxproj", "{00C78BB3-B3FB-41D4-9FFF-B9BD135A2AAD}"
EndProject
Project("{8BC9CEB8-8B4A-11D0-8D11-00A0C91BC942}") = "TS1002", "TS1002\TS1002.vcxproj", "{6DFE5A67-4377-43FE-A82A-055591B4D0E2}"
EndProject
Project("{8BC9CEB8-8B4A-11D0-8D11-00A0C91BC942}") = "TS1501", "TS1501\TS1501.vcxproj", "{3C3CFC82-F6A3-45B3-8C8D-6D86327E6371}"
EndProject
Project("{8BC9CEB8-8B4A-11D0-8D11-00A0C91BC942}") = "TS1001", "TS1001\TS1001.vcxproj", "{D769F4C5-DA1E-48FA-A1E3-3A46E0A3E2EA}"
EndProject
Project("{8BC9CEB8-8B4A-11D0-8D11-00A0C91BC942}") = "TS0902", "TS0902\TS0902.vcxproj", "{494C50C9-B842-4B82-A33A-FD087F1292C5}"
EndProject
Project("{8BC9CEB8-8B4A-11D0-8D11-00A0C91BC942}") = "TS0901", "TS0901\TS0901.vcxproj", "{CD3CFB35-6694-4ACA-972B-302636AC414A}"
EndProject
Project("{8BC9CEB8-8B4A-11D0-8D11-00A0C91BC942}") = "TS0602", "TS0602\TS0602.vcxproj", "{873C0E73-8488-4C34-B121-D3D079BD783F}"
EndProject
Project("{8BC9CEB8-8B4A-11D0-8D11-00A0C91BC942}") = "TS0601", "TS0601\TS0601.vcxproj", "{448C0145-5E5D-4F8D-88DB-40FC7BEB25E2}"
EndProject
Project("{8BC9CEB8-8B4A-11D0-8D11-00A0C91BC942}") = "TS0803", "TS0803\TS0803.vcxproj", "{769BC22F-5717-4B3E-8B67-6CAF78645C89}"
EndProject
Project("{8BC9CEB8-8B4A-11D0-8D11-00A0C91BC942}") = "TS0802", "TS0802\TS0802.vcxproj", "{20F0CF96-A24C-4973-B102-F5A2C90CF49B}"
EndProject
Project("{8BC9CEB8-8B4A-11D0-8D11-00A0C91BC942}") = "TS0801", "TS0801\TS0801.vcxproj", "{AC4C0B99-B290-4A24-AD99-F07748649438}"
EndProject
Project("{8BC9CEB8-8B4A-11D0-8D11-00A0C91BC942}") = "TS0903", "TS0903\TS0903.vcxproj", "{0E74CFDD-7B50-4618-9665-F17E3B6936BB}"
EndProject
Project("{8BC9CEB8-8B4A-11D0-8D11-00A0C91BC942}") = "TS1502", "TS1502\TS1502.vcxproj", "{345A3881-B66D-4E50-95E1-86DD2E77A49D}"
EndProject
Global
	GlobalSection(SolutionConfigurationPlatforms) = preSolution
		Debug|x64 = Debug|x64
		Debug|x86 = Debug|x86
		Release|x64 = Release|x64
		Release|x86 = Release|x86
	EndGlobalSection
	GlobalSection(ProjectConfigurationPlatforms) = postSolution
		{5DB7A177-BAB7-4067-95B5-B56C5A458117}.Debug|x64.ActiveCfg = Debug|x64
		{5DB7A177-BAB7-4067-95B5-B56C5A458117}.Debug|x64.Build.0 = Debug|x64
		{5DB7A177-BAB7-4067-95B5-B56C5A458117}.Debug|x86.ActiveCfg = Debug|Win32
		{5DB7A177-BAB7-4067-95B5-B56C5A458117}.Debug|x86.Build.0 = Debug|Win32
		{5DB7A177-BAB7-4067-95B5-B56C5A458117}.Release|x64.ActiveCfg = Release|x64
		{5DB7A177-BAB7-4067-95B5-B56C5A458117}.Release|x64.Build.0 = Release|x64
		{5DB7A177-BAB7-4067-95B5-B56C5A458117}.Release|x86.ActiveCfg = Release|Win32
		{5DB7A177-BAB7-4067-95B5-B56C5A458117}.Release|x86.Build.0 = Release|Win32
		{5992D732-2620-40EA-80A4-1757F2DBFB19}.Debug|x64.ActiveCfg = Debug|x64
		{5992D732-2620-40EA-80A4-1757F2DBFB19}.Debug|x64.Build.0 = Debug|x64
		{5992D732-2620-40EA-80A4-1757F2DBFB19}.Debug|x86.ActiveCfg = Debug|Win32
		{5992D732-2620-40EA-80A4-1757F2DBFB19}.Debug|x86.Build.0 = Debug|Win32
		{5992D732-2620-40EA-80A4-1757F2DBFB19}.Release|x64.ActiveCfg = Release|x64
		{5992D732-2620-40EA-80A4-1757F2DBFB19}.Release|x64.Build.0 = Release|x64
		{5992D732-2620-40EA-80A4-1757F2DBFB19}.Release|x86.ActiveCfg = Release|Win32
		{5992D732-2620-40EA-80A4-1757F2DBFB19}.Release|x86.Build.0 = Release|Win32
		{73C6ADD1-FDD6-4E15-8C61-A28893081DEB}.Debug|x64.ActiveCfg = Debug|x64
		{73C6ADD1-FDD6-4E15-8C61-A28893081DEB}.Debug|x64.Build.0 = Debug|x64
		{73C6ADD1-FDD6-4E15-8C61-A28893081DEB}.Debug|x86.ActiveCfg = Debug|Win32
		{73C6ADD1-FDD6-4E15-8C61-A28893081DEB}.Debug|x86.Build.0 = Debug|Win32
		{73C6ADD1-FDD6-4E15-8C61-A28893081DEB}.Release|x64.ActiveCfg = Release|x64
		{73C6ADD1-FDD6-4E15-8C61-A28893081DEB}.Release|x64.Build.0 = Release|x64
		{73C6ADD1-FDD6-4E15-8C61-A28893081DEB}.Release|x86.ActiveCfg = Release|Win32
		{73C6ADD1-FDD6-4E15-8C61-A28893081DEB}.Release|x86.Build.0 = Release|Win32
		{E5B774DA-D2E9-45F0-B172-4F6FD93DE28C}.Debug|x64.ActiveCfg = Debug|x64
		{E5B774DA-D2E9-45F0-B172-4F6FD93DE28C}.Debug|x64.Build.0 = Debug|x64
		{E5B774DA-D2E9-45F0-B172-4F6FD93DE28C}.Debug|x86.ActiveCfg = Debug|Win32
		{E5B774DA-D2E9-45F0-B172-4F6FD93DE28C}.Debug|x86.Build.0 = Debug|Win32
		{E5B774DA-D2E9-45F0-B172-4F6FD93DE28C}.Release|x64.ActiveCfg = Release|x64
		{E5B774DA-D2E9-45F0-B172-4F6FD93DE28C}.Release|x64.Build.0 = Release|x64
		{E5B774DA-D2E9-45F0-B172-4F6FD93DE28C}.Release|x86.ActiveCfg = Release|Win32
		{E5B774DA-D2E9-45F0-B172-4F6FD93DE28C}.Release|x86.Build.0 = Release|Win32
		{45C251A0-4F2E-4CD7-B1F0-58E54CD40916}.Debug|x64.ActiveCfg = Debug|x64
		{45C251A0-4F2E-4CD7-B1F0-58E54CD40916}.Debug|x64.Build.0 = Debug|x64
		{45C251A0-4F2E-4CD7-B1F0-58E54CD40916}.Debug|x86.ActiveCfg = Debug|Win32
		{45C251A0-4F2E-4CD7-B1F0-58E54CD40916}.Debug|x86.Build.0 = Debug|Win32
		{45C251A0-4F2E-4CD7-B1F0-58E54CD40916}.Release|x64.ActiveCfg = Release|x64
		{45C251A0-4F2E-4CD7-B1F0-58E54CD40916}.Release|x64.Build.0 = Release|x64
		{45C251A0-4F2E-4CD7-B1F0-58E54CD40916}.Release|x86.ActiveCfg = Release|Win32
		{45C251A0-4F2E-4CD7-B1F0-58E54CD40916}.Release|x86.Build.0 = Release|Win32
		{00C78BB3-B3FB-41D4-9FFF-B9BD135A2AAD}.Debug|x64.ActiveCfg = Debug|x64
		{00C78BB3-B3FB-41D4-9FFF-B9BD135A2AAD}.Debug|x64.Build.0 = Debug|x64
		{00C78BB3-B3FB-41D4-9FFF-B9BD135A2AAD}.Debug|x86.ActiveCfg = Debug|Win32
		{00C78BB3-B3FB-41D4-9FFF-B9BD135A2AAD}.Debug|x86.Build.0 = Debug|Win32
		{00C78BB3-B3FB-41D4-9FFF-B9BD135A2AAD}.Release|x64.ActiveCfg = Release|x64
		{00C78BB3-B3FB-41D4-9FFF-B9BD135A2AAD}.Release|x64.Build.0 = Release|x64
		{00C78BB3-B3FB-41D4-9FFF-B9BD135A2AAD}.Release|x86.ActiveCfg = Release|Win32
		{00C78BB3-B3FB-41D4-9FFF-B9BD135A2AAD}.Release|x86.Build.0 = Release|Win32
		{6DFE5A67-4377-43FE-A82A-055591B4D0E2}.Debug|x64.ActiveCfg = Debug|x64
		{6DFE5A67-4377-43FE-A82A-055591B4D0E2}.Debug|x64.Build.0 = Debug|x64
		{6DFE5A67-4377-43FE-A82A-055591B4D0E2}.Debug|x86.ActiveCfg = Debug|Win32
		{6DFE5A67-4377-43FE-A82A-055591B4D0E2}.Debug|x86.Build.0 = Debug|Win32
		{6DFE5A67-4377-43FE-A82A-055591B4D0E2}.Release|x64.ActiveCfg = Release|x64
		{6DFE5A67-4377-43FE-A82A-055591B4D0E2}.Release|x64.Build.0 = Release|x64
		{6DFE5A67-4377-43FE-A82A-055591B4D0E2}.Release|x86.ActiveCfg = Release|Win32
		{6DFE5A67-4377-43FE-A82A-055591B4D0E2}.Release|x86.Build.0 = Release|Win32
		{3C3CFC82-F6A3-45B3-8C8D-6D86327E6371}.Debug|x64.ActiveCfg = Debug|x64
		{3C3CFC82-F6A3-45B3-8C8D-6D86327E6371}.Debug|x64.Build.0 = Debug|x64
		{3C3CFC82-F6A3-45B3-8C8D-6D86327E6371}.Debug|x86.ActiveCfg = Debug|Win32
		{3C3CFC82-F6A3-45B3-8C8D-6D86327E6371}.Debug|x86.Build.0 = Debug|Win32
		{3C3CFC82-F6A3-45B3-8C8D-6D86327E6371}.Release|x64.ActiveCfg = Release|x64
		{3C3CFC82-F6A3-45B3-8C8D-6D86327E6371}.Release|x64.Build.0 = Release|x64
		{3C3CFC82-F6A3-45B3-8C8D-6D86327E6371}.Release|x86.ActiveCfg = Release|Win32
		{3C3CFC82-F6A3-45B3-8C8D-6D86327E6371}.Release|x86.Build.0 = Release|Win32
		{D769F4C5-DA1E-48FA-A1E3-3A46E0A3E2EA}.Debug|x64.ActiveCfg = Debug|x64
		{D769F4C5-DA1E-48FA-A1E3-3A46E0A3E2EA}.Debug|x64.Build.0 = Debug|x64
		{D769F4C5-DA1E-48FA-A1E3-3A46E0A3E2EA}.Debug|x86.ActiveCfg = Debug|Win32
		{D769F4C5-DA1E-48FA-A1E3-3A46E0A3E2EA}.Debug|x86.Build.0 = Debug|Win32
		{D769F4C5-DA1E-48FA-A1E3-3A46E0A3E2EA}.Release|x64.ActiveCfg = Release|x64
		{D769F4C5-DA1E-48FA-A1E3-3A46E0A3E2EA}.Release|x64.Build.0 = Release|x64
		{D769F4C5-DA1E-48FA-A1E3-3A46E0A3E2EA}.Release|x86.ActiveCfg = Release|Win32
		{D769F4C5-DA1E-48FA-A1E3-3A46E0A3E2EA}.Release|x86.Build.0 = Release|Win32
		{494C50C9-B842-4B82-A33A-FD087F1292C5}.Debug|x64.ActiveCfg = Debug|x64
		{494C50C9-B842-4B82-A33A-FD087F1292C5}.Debug|x64.Build.0 = Debug|x64
		{494C50C9-B842-4B82-A33A-FD087F1292C5}.Debug|x86.ActiveCfg = Debug|Win32
		{494C50C9-B842-4B82-A33A-FD087F1292C5}.Debug|x86.Build.0 = Debug|Win32
		{494C50C9-B842-4B82-A33A-FD087F1292C5}.Release|x64.ActiveCfg = Release|x64
		{494C50C9-B842-4B82-A33A-FD087F1292C5}.Release|x64.Build.0 = Release|x64
		{494C50C9-B842-4B82-A33A-FD087F1292C5}.Release|x86.ActiveCfg = Release|Win32
		{494C50C9-B842-4B82-A33A-FD087F1292C5}.Release|x86.Build.0 = Release|Win32
		{CD3CFB35-6694-4ACA-972B-302636AC414A}.Debug|x64.ActiveCfg = Debug|x64
		{CD3CFB35-6694-4ACA-972B-302636AC414A}.Debug|x64.Build.0 = Debug|x64
		{CD3CFB35-6694-4ACA-972B-302636AC414A}.Debug|x86.ActiveCfg = Debug|Win32
		{CD3CFB35-6694-4ACA-972B-302636AC414A}.Debug|x86.Build.0 = Debug|Win32
		{CD3CFB35-6694-4ACA-972B-302636AC414A}.Release|x64.ActiveCfg = Release|x64
		{CD3CFB35-6694-4ACA-972B-302636AC414A}.Release|x64.Build.0 = Release|x64
		{CD3CFB35-6694-4ACA-972B-302636AC414A}.Release|x86.ActiveCfg = Release|Win32
		{CD3CFB35-6694-4ACA-972B-302636AC414A}.Release|x86.Build.0 = Release|Win32
		{873C0E73-8488-4C34-B121-D3D079BD783F}.Debug|x64.ActiveCfg = Debug|x64
		{873C0E73-8488-4C34-B121-D3D079BD783F}.Debug|x64.Build.0 = Debug|x64
		{873C0E73-8488-4C34-B121-D3D079BD783F}.Debug|x86.ActiveCfg = Debug|Win32
		{873C0E73-8488-4C34-B121-D3D079BD783F}.Debug|x86.Build.0 = Debug|Win32
		{873C0E73-8488-4C34-B121-D3D079BD783F}.Release|x64.ActiveCfg = Release|x64
		{873C0E73-8488-4C34-B121-D3D079BD783F}.Release|x64.Build.0 = Release|x64
		{873C0E73-8488-4C34-B121-D3D079BD783F}.Release|x86.ActiveCfg = Release|Win32
		{873C0E73-8488-4C34-B121-D3D079BD783F}.Release|x86.Build.0 = Release|Win32
		{448C0145-5E5D-4F8D-88DB-40FC7BEB25E2}.Debug|x64.ActiveCfg = Debug|x64
		{448C0145-5E5D-4F8D-88DB-40FC7BEB25E2}.Debug|x64.Build.0 = Debug|x64
		{448C0145-5E5D-4F8D-88DB-40FC7BEB25E2}.Debug|x86.ActiveCfg = Debug|Win32
		{448C0145-5E5D-4F8D-88DB-40FC7BEB25E2}.Debug|x86.Build.0 = Debug|Win32
		{448C0145-5E5D-4F8D-88DB-40FC7BEB25E2}.Release|x64.ActiveCfg = Release|x64
		{448C0145-5E5D-4F8D-88DB-40FC7BEB25E2}.Release|x64.Build.0 = Release|x64
		{448C0145-5E5D-4F8D-88DB-40FC7BEB25E2}.Release|x86.ActiveCfg = Release|Win32
		{448C0145-5E5D-4F8D-88DB-40FC7BEB25E2}.Release|x86.Build.0 = Release|Win32
		{769BC22F-5717-4B3E-8B67-6CAF78645C89}.Debug|x64.ActiveCfg = Debug|x64
		{769BC22F-5717-4B3E-8B67-6CAF78645C89}.Debug|x64.Build.0 = Debug|x64
		{769BC22F-5717-4B3E-8B67-6CAF78645C89}.Debug|x86.ActiveCfg = Debug|Win32
		{769BC22F-5717-4B3E-8B67-6CAF78645C89}.Debug|x86.Build.0 = Debug|Win32
		{769BC22F-5717-4B3E-8B67-6CAF78645C89}.Release|x64.ActiveCfg = Release|x64
		{769BC22F-5717-4B3E-8B67-6CAF78645C89}.Release|x64.Build.0 = Release|x64
		{769BC22F-5717-4B3E-8B67-6CAF78645C89}.Release|x86.ActiveCfg = Release|Win32
		{769BC22F-5717-4B3E-8B67-6CAF78645C89}.Release|x86.Build.0 = Release|Win32
		{20F0CF96-A24C-4973-B102-F5A2C90CF49B}.Debug|x64.ActiveCfg = Debug|x64
		{20F0CF96-A24C-4973-B102-F5A2C90CF49B}.Debug|x64.Build.0 = Debug|x64
		{20F0CF96-A24C-4973-B102-F5A2C90CF49B}.Debug|x86.ActiveCfg = Debug|Win32
		{20F0CF96-A24C-4973-B102-F5A2C90CF49B}.Debug|x86.Build.0 = Debug|Win32
		{20F0CF96-A24C-4973-B102-F5A2C90CF49B}.Release|x64.ActiveCfg = Release|x64
		{20F0CF96-A24C-4973-B102-F5A2C90CF49B}.Release|x64.Build.0 = Release|x64
		{20F0CF96-A24C-4973-B102-F5A2C90CF49B}.Release|x86.ActiveCfg = Release|Win32
		{20F0CF96-A24C-4973-B102-F5A2C90CF49B}.Release|x86.Build.0 = Release|Win32
		{AC4C0B99-B290-4A24-AD99-F07748649438}.Debug|x64.ActiveCfg = Debug|x64
		{AC4C0B99-B290-4A24-AD99-F07748649438}.Debug|x64.Build.0 = Debug|x64
		{AC4C0B99-B290-4A24-AD99-F07748649438}.Debug|x86.ActiveCfg = Debug|Win32
		{AC4C0B99-B290-4A24-AD99-F07748649438}.Debug|x86.Build.0 = Debug|Win32
		{AC4C0B99-B290-4A24-AD99-F07748649438}.Release|x64.ActiveCfg = Release|x64
		{AC4C0B99-B290-4A24-AD99-F07748649438}.Release|x64.Build.0 = Release|x64
		{AC4C0B99-B290-4A24-AD99-F07748649438}.Release|x86.ActiveCfg = Release|Win32
		{AC4C0B99-B290-4A24-AD99-F07748649438}.Release|x86.Build.0 = Release|Win32
		{0E74CFDD-7B50-4618-9665-F17E3B6936BB}.Debug|x64.ActiveCfg = Debug|x64
		{0E74CFDD-7B50-4618-9665-F17E3B6936BB}.Debug|x64.Build.0 = Debug|x64
		{0E74CFDD-7B50-4618-9665-F17E3B6936BB}.Debug|x86.ActiveCfg = Debug|Win32
		{0E74CFDD-7B50-4618-9665-F17E3B6936BB}.Debug|x86.Build.0 = Debug|Win32
		{0E74CFDD-7B50-4618-9665-F17E3B6936BB}.Release|x64.ActiveCfg = Release|x64
		{0E74CFDD-7B50-4618-9665-F17E3B6936BB}.Release|x64.Build.0 = Release|x64
		{0E74CFDD-7B50-4618-9665-F17E3B6936BB}.Release|x86.ActiveCfg = Release|Win32
		{0E74CFDD-7B50-4618-9665-F17E3B6936BB}.Release|x86.Build.0 = Release|Win32
		{345A3881-B66D-4E50-95E1-86DD2E77A49D}.Debug|x64.ActiveCfg = Debug|x64
		{345A3881-B66D-4E50-95E1-86DD2E77A49D}.Debug|x64.Build.0 = Debug|x64
		{345A3881-B66D-4E50-95E1-86DD2E77A49D}.Debug|x86.ActiveCfg = Debug|Win32
		{345A3881-B66D-4E50-95E1-86DD2E77A49D}.Debug|x86.Build.0 = Debug|Win32
		{345A3881-B66D-4E50-95E1-86DD2E77A49D}.Release|x64.ActiveCfg = Release|x64
		{345A3881-B66D-4E50-95E1-86DD2E77A49D}.Release|x64.Build.0 = Release|x64
		{345A3881-B66D-4E50-95E1-86DD2E77A49D}.Release|x86.ActiveCfg = Release|Win32
		{345A3881-B66D-4E50-95E1-86DD2E77A49D}.Release|x86.Build.0 = Release|Win32
	EndGlobalSection
	GlobalSection(SolutionProperties) = preSolution
		HideSolutionNode = FALSE
	EndGlobalSection
	GlobalSection(ExtensibilityGlobals) = postSolution
		SolutionGuid = {F2565D77-7566-42FB-919C-63C0D020BA5F}
	EndGlobalSection
EndGlobal
