Microsoft Visual Studio Solution File, Format Version 12.00
# Visual Studio Version 16
VisualStudioVersion = 16.0.29905.134
MinimumVisualStudioVersion = 10.0.40219.1
Project("{8BC9CEB8-8B4A-11D0-8D11-00A0C91BC942}") = "TS1401", "TS1401\TS1401.vcxproj", "{E5B774DA-D2E9-45F0-B172-4F6FD93DE28C}"
EndProject
Project("{8BC9CEB8-8B4A-11D0-8D11-00A0C91BC942}") = "TS1402", "TS1402\TS1402.vcxproj", "{73C6ADD1-FDD6-4E15-8C61-A28893081DEB}"
EndProject
Global
	GlobalSection(SolutionConfigurationPlatforms) = preSolution
		Debug|x64 = Debug|x64
		Debug|x86 = Debug|x86
		Release|x64 = Release|x64
		Release|x86 = Release|x86
	EndGlobalSection
	GlobalSection(ProjectConfigurationPlatforms) = postSolution
		{E5B774DA-D2E9-45F0-B172-4F6FD93DE28C}.Debug|x64.ActiveCfg = Debug|x64
		{E5B774DA-D2E9-45F0-B172-4F6FD93DE28C}.Debug|x64.Build.0 = Debug|x64
		{E5B774DA-D2E9-45F0-B172-4F6FD93DE28C}.Debug|x86.ActiveCfg = Debug|Win32
		{E5B774DA-D2E9-45F0-B172-4F6FD93DE28C}.Debug|x86.Build.0 = Debug|Win32
		{E5B774DA-D2E9-45F0-B172-4F6FD93DE28C}.Release|x64.ActiveCfg = Release|x64
		{E5B774DA-D2E9-45F0-B172-4F6FD93DE28C}.Release|x64.Build.0 = Release|x64
		{E5B774DA-D2E9-45F0-B172-4F6FD93DE28C}.Release|x86.ActiveCfg = Release|Win32
		{E5B774DA-D2E9-45F0-B172-4F6FD93DE28C}.Release|x86.Build.0 = Release|Win32
		{73C6ADD1-FDD6-4E15-8C61-A28893081DEB}.Debug|x64.ActiveCfg = Debug|x64
		{73C6ADD1-FDD6-4E15-8C61-A28893081DEB}.Debug|x64.Build.0 = Debug|x64
		{73C6ADD1-FDD6-4E15-8C61-A28893081DEB}.Debug|x86.ActiveCfg = Debug|Win32
		{73C6ADD1-FDD6-4E15-8C61-A28893081DEB}.Debug|x86.Build.0 = Debug|Win32
		{73C6ADD1-FDD6-4E15-8C61-A28893081DEB}.Release|x64.ActiveCfg = Release|x64
		{73C6ADD1-FDD6-4E15-8C61-A28893081DEB}.Release|x64.Build.0 = Release|x64
		{73C6ADD1-FDD6-4E15-8C61-A28893081DEB}.Release|x86.ActiveCfg = Release|Win32
		{73C6ADD1-FDD6-4E15-8C61-A28893081DEB}.Release|x86.Build.0 = Release|Win32
	EndGlobalSection
	GlobalSection(SolutionProperties) = preSolution
		HideSolutionNode = FALSE
	EndGlobalSection
	GlobalSection(ExtensibilityGlobals) = postSolution
		SolutionGuid = {57D70203-0DD9-48A2-9BFC-CD8765BCF792}
	EndGlobalSection
EndGlobal
